
Microsoft Visual Studio Solution File, Format Version 12.00
# Visual Studio Version 17
VisualStudioVersion = 17.11.35222.181
MinimumVisualStudioVersion = 10.0.40219.1
Project("{FAE04EC0-301F-11D3-BF4B-00C04F79EFBC}") = "RabbitRace_", "RabbitRace_\RabbitRace_.csproj", "{1A567152-D637-451F-AB07-856BD3D09537}"
EndProject
Project("{FAE04EC0-301F-11D3-BF4B-00C04F79EFBC}") = "ConsoleApp1", "ConsoleApp1\ConsoleApp1.csproj", "{7FD2D36C-E3F4-4541-A07D-70EE2A4A2647}"
EndProject
Global
	GlobalSection(SolutionConfigurationPlatforms) = preSolution
		Debug|Any CPU = Debug|Any CPU
		Release|Any CPU = Release|Any CPU
	EndGlobalSection
	GlobalSection(ProjectConfigurationPlatforms) = postSolution
		{1A567152-D637-451F-AB07-856BD3D09537}.Debug|Any CPU.ActiveCfg = Debug|Any CPU
		{1A567152-D637-451F-AB07-856BD3D09537}.Debug|Any CPU.Build.0 = Debug|Any CPU
		{1A567152-D637-451F-AB07-856BD3D09537}.Release|Any CPU.ActiveCfg = Release|Any CPU
		{1A567152-D637-451F-AB07-856BD3D09537}.Release|Any CPU.Build.0 = Release|Any CPU
		{7FD2D36C-E3F4-4541-A07D-70EE2A4A2647}.Debug|Any CPU.ActiveCfg = Debug|Any CPU
		{7FD2D36C-E3F4-4541-A07D-70EE2A4A2647}.Debug|Any CPU.Build.0 = Debug|Any CPU
		{7FD2D36C-E3F4-4541-A07D-70EE2A4A2647}.Release|Any CPU.ActiveCfg = Release|Any CPU
		{7FD2D36C-E3F4-4541-A07D-70EE2A4A2647}.Release|Any CPU.Build.0 = Release|Any CPU
	EndGlobalSection
	GlobalSection(SolutionProperties) = preSolution
		HideSolutionNode = FALSE
	EndGlobalSection
	GlobalSection(ExtensibilityGlobals) = postSolution
		SolutionGuid = {0D6B3F06-4011-4D22-A90E-ADE5FBEEE40F}
	EndGlobalSection
EndGlobal
