
Microsoft Visual Studio Solution File, Format Version 12.00
# Visual Studio Version 17
VisualStudioVersion = 17.10.35122.118
MinimumVisualStudioVersion = 10.0.40219.1
Project("{9A19103F-16F7-4668-BE54-9A1E7A4F7556}") = "2025_03_27 Notepad", "2025_03_27 Notepad\2025_03_27 Notepad.csproj", "{53C248DB-E5F6-4817-BA2B-2386EEEA4F95}"
EndProject
Project("{FAE04EC0-301F-11D3-BF4B-00C04F79EFBC}") = "wpf notepad", "wpf notepad\wpf notepad.csproj", "{3E93C9EE-11C2-4351-85E5-FF55B8D436E7}"
EndProject
Global
	GlobalSection(SolutionConfigurationPlatforms) = preSolution
		Debug|Any CPU = Debug|Any CPU
		Release|Any CPU = Release|Any CPU
	EndGlobalSection
	GlobalSection(ProjectConfigurationPlatforms) = postSolution
		{53C248DB-E5F6-4817-BA2B-2386EEEA4F95}.Debug|Any CPU.ActiveCfg = Debug|Any CPU
		{53C248DB-E5F6-4817-BA2B-2386EEEA4F95}.Debug|Any CPU.Build.0 = Debug|Any CPU
		{53C248DB-E5F6-4817-BA2B-2386EEEA4F95}.Release|Any CPU.ActiveCfg = Release|Any CPU
		{53C248DB-E5F6-4817-BA2B-2386EEEA4F95}.Release|Any CPU.Build.0 = Release|Any CPU
		{3E93C9EE-11C2-4351-85E5-FF55B8D436E7}.Debug|Any CPU.ActiveCfg = Debug|Any CPU
		{3E93C9EE-11C2-4351-85E5-FF55B8D436E7}.Debug|Any CPU.Build.0 = Debug|Any CPU
		{3E93C9EE-11C2-4351-85E5-FF55B8D436E7}.Release|Any CPU.ActiveCfg = Release|Any CPU
		{3E93C9EE-11C2-4351-85E5-FF55B8D436E7}.Release|Any CPU.Build.0 = Release|Any CPU
	EndGlobalSection
	GlobalSection(SolutionProperties) = preSolution
		HideSolutionNode = FALSE
	EndGlobalSection
	GlobalSection(ExtensibilityGlobals) = postSolution
		SolutionGuid = {571B028D-EAF0-436E-8BEF-7BA59805A97C}
	EndGlobalSection
EndGlobal
